# This file is autogenerated, do not edit; changes may be undone by the next 'dep ensure'.


[[projects]]
  branch = "master"
  name = "github.com/HotelsDotCom/flyte-client"
  packages = [
    "client",
    "flyte",
    "healthcheck"
  ]
  revision = "cfdc49ada2b0afd0e23b8907888f79025c43e3d7"

[[projects]]
  branch = "master"
  name = "github.com/HotelsDotCom/go-logger"
  packages = ["."]
  revision = "802095993e48d184191f20a6c29f1cbe55276e35"

[[projects]]
  name = "github.com/ghodss/yaml"
  packages = ["."]
  revision = "0ca9ea5df5451ffdf184b4428c902747c2c11cd7"
  version = "v1.0.0"

[[projects]]
  name = "gopkg.in/yaml.v2"
  packages = ["."]
  revision = "5420a8b6744d3b0345ab293f6fcba19c978f1183"
  version = "v2.2.1"

[solve-meta]
  analyzer-name = "dep"
  analyzer-version = 1
  inputs-digest = "5bb4b513dda8fd3282a2e3a58be953cfc5b08e5ce369ade9bf8fe85427a84bb6"
  solver-name = "gps-cdcl"
  solver-version = 1
